{
  "version": 4,
  "terraform_version": "1.9.7",
  "serial": 1197,
  "lineage": "424d3fdd-84ef-389a-a784-dd2f4f4adeb4",
  "outputs": {
    "host_vm_ids": {
      "value": [
        "ucabm68-comp0235-ns/ucab68-host-442655f8a9"
      ],
      "type": [
        "tuple",
        [
          "string"
        ]
      ]
    },
    "host_vm_ips": {
      "value": [
        "10.134.12.72"
      ],
      "type": [
        "tuple",
        [
          "string"
        ]
      ]
    },
    "storage_vm_ids": {
      "value": [
        "ucabm68-comp0235-ns/ucab68-storage-442655f8a9"
      ],
      "type": [
        "tuple",
        [
          "string"
        ]
      ]
    },
    "storage_vm_ips": {
      "value": [
        ""
      ],
      "type": [
        "tuple",
        [
          "string"
        ]
      ]
    },
    "worker_vm_ids": {
      "value": [
        "ucabm68-comp0235-ns/ucab68-worker-01-442655f8a9",
        "ucabm68-comp0235-ns/ucab68-worker-02-442655f8a9",
        "ucabm68-comp0235-ns/ucab68-worker-03-442655f8a9"
      ],
      "type": [
        "tuple",
        [
          "string",
          "string",
          "string"
        ]
      ]
    },
    "worker_vm_ips": {
      "value": [
        "10.134.12.130",
        "",
        ""
      ],
      "type": [
        "tuple",
        [
          "string",
          "string",
          "string"
        ]
      ]
    }
  },
  "resources": [
    {
      "mode": "data",
      "type": "harvester_image",
      "name": "img",
      "provider": "provider[\"registry.terraform.io/harvester/harvester\"]",
      "instances": [
        {
          "schema_version": 0,
          "attributes": {
            "description": "",
            "display_name": "almalinux-9.4-20240805",
            "id": "harvester-public/image-bp52g",
            "message": "",
            "name": "image-bp52g",
            "namespace": "harvester-public",
            "progress": 100,
            "pvc_name": "",
            "pvc_namespace": "",
            "size": 591724544,
            "source_type": "download",
            "state": "Active",
            "storage_class_name": "harvester-longhorn",
            "storage_class_parameters": {
              "migratable": "true",
              "numberOfReplicas": "3",
              "staleReplicaTimeout": "30"
            },
            "tags": {},
            "url": "https://repo.almalinux.org/almalinux/9/cloud/x86_64/images/AlmaLinux-9-GenericCloud-9.4-20240805.x86_64.qcow2",
            "volume_storage_class_name": "longhorn-image-bp52g"
          },
          "sensitive_attributes": []
        }
      ]
    },
    {
      "mode": "data",
      "type": "harvester_ssh_key",
      "name": "mysshkey",
      "provider": "provider[\"registry.terraform.io/harvester/harvester\"]",
      "instances": [
        {
          "schema_version": 0,
          "attributes": {
            "description": "",
            "fingerprint": "6c:cb:e3:d6:5c:81:95:d4:83:9d:ab:2d:b3:0f:91:ad",
            "id": "ucabm68-comp0235-ns/ucabm86",
            "message": null,
            "name": "ucabm86",
            "namespace": "ucabm68-comp0235-ns",
            "public_key": "ssh-ed25519 AAAAC3NzaC1lZDI1NTE5AAAAILBmErcx1qKkPfZ/yQ+1G2r2YVBmmCH1ilots2k4G5UI",
            "state": "Validated",
            "tags": {}
          },
          "sensitive_attributes": []
        }
      ]
    },
    {
      "mode": "managed",
      "type": "harvester_cloudinit_secret",
      "name": "cloud-config",
      "provider": "provider[\"registry.terraform.io/harvester/harvester\"]",
      "instances": [
        {
          "schema_version": 0,
          "attributes": {
            "description": "",
            "id": "ucabm68-comp0235-ns/cloud-config-442655f8a9",
            "message": null,
            "name": "cloud-config-442655f8a9",
            "namespace": "ucabm68-comp0235-ns",
            "network_data": null,
            "network_data_base64": "",
            "state": null,
            "tags": {},
            "user_data": "#cloud-config\nbootcmd:\n  - [ dnf, config-manager, --set-enabled, crb ]\n  - [ dnf, install, -y, epel-release ]\n\nssh_authorized_keys:\n  - ssh-ed25519 AAAAC3NzaC1lZDI1NTE5AAAAILBmErcx1qKkPfZ/yQ+1G2r2YVBmmCH1ilots2k4G5UI\n\n\n",
            "user_data_base64": ""
          },
          "sensitive_attributes": [],
          "private": "bnVsbA==",
          "dependencies": [
            "data.harvester_ssh_key.mysshkey",
            "random_id.secret"
          ]
        }
      ]
    },
    {
      "mode": "managed",
      "type": "harvester_virtualmachine",
      "name": "host",
      "provider": "provider[\"registry.terraform.io/harvester/harvester\"]",
      "instances": [
        {
          "index_key": 0,
          "schema_version": 0,
          "attributes": {
            "cloudinit": [
              {
                "network_data": "",
                "network_data_base64": "",
                "network_data_secret_name": "",
                "type": "noCloud",
                "user_data": "",
                "user_data_base64": "",
                "user_data_secret_name": "cloud-config-442655f8a9"
              }
            ],
            "cpu": 2,
            "description": "Host VM",
            "disk": [
              {
                "access_mode": "ReadWriteMany",
                "auto_delete": true,
                "boot_order": 1,
                "bus": "virtio",
                "container_image_name": "",
                "existing_volume_name": "",
                "hot_plug": false,
                "image": "harvester-public/image-bp52g",
                "name": "rootdisk",
                "size": "10Gi",
                "storage_class_name": "longhorn-image-bp52g",
                "type": "disk",
                "volume_mode": "Block",
                "volume_name": "ucab68-host-442655f8a9-rootdisk-d6b76"
              }
            ],
            "efi": true,
            "hostname": "ucab68-host",
            "id": "ucabm68-comp0235-ns/ucab68-host-442655f8a9",
            "input": [],
            "machine_type": "q35",
            "memory": "4Gi",
            "message": null,
            "name": "ucab68-host-442655f8a9",
            "namespace": "ucabm68-comp0235-ns",
            "network_interface": [
              {
                "interface_name": "eth0",
                "ip_address": "10.134.12.72",
                "mac_address": "22:0b:d4:e0:75:78",
                "model": "virtio",
                "name": "nic-1",
                "network_name": "ucabm68-comp0235-ns/ds4eng",
                "type": "bridge",
                "wait_for_lease": true
              }
            ],
            "node_name": "harvester-bbcff",
            "reserved_memory": "100Mi",
            "restart_after_update": true,
            "run_strategy": "RerunOnFailure",
            "secure_boot": false,
            "ssh_keys": [],
            "start": null,
            "state": "Ready",
            "tags": {
              "condenser_ingress_grafana_hostname": "ucab68-ucl-grafana",
              "condenser_ingress_grafana_port": "3000",
              "condenser_ingress_isAllowed": "true",
              "condenser_ingress_isEnabled": "true",
              "condenser_ingress_minio_hostname": "ucab68-ucl-minio",
              "condenser_ingress_minio_port": "9000",
              "condenser_ingress_prometheus_hostname": "ucab68-ucl-prometheus",
              "condenser_ingress_prometheus_port": "9090"
            },
            "tpm": []
          },
          "sensitive_attributes": [],
          "private": "bnVsbA==",
          "dependencies": [
            "data.harvester_image.img",
            "data.harvester_ssh_key.mysshkey",
            "harvester_cloudinit_secret.cloud-config",
            "random_id.secret"
          ]
        }
      ]
    },
    {
      "mode": "managed",
      "type": "harvester_virtualmachine",
      "name": "storage",
      "provider": "provider[\"registry.terraform.io/harvester/harvester\"]",
      "instances": [
        {
          "index_key": 0,
          "schema_version": 0,
          "attributes": {
            "cloudinit": [
              {
                "network_data": "",
                "network_data_base64": "",
                "network_data_secret_name": "",
                "type": "noCloud",
                "user_data": "",
                "user_data_base64": "",
                "user_data_secret_name": "cloud-config-442655f8a9"
              }
            ],
            "cpu": 4,
            "description": "Storage VM",
            "disk": [
              {
                "access_mode": "ReadWriteMany",
                "auto_delete": true,
                "boot_order": 1,
                "bus": "virtio",
                "container_image_name": "",
                "existing_volume_name": "",
                "hot_plug": false,
                "image": "harvester-public/image-bp52g",
                "name": "rootdisk",
                "size": "10Gi",
                "storage_class_name": "longhorn-image-bp52g",
                "type": "disk",
                "volume_mode": "Block",
                "volume_name": "ucab68-storage-442655f8a9-rootdisk-4z2cs"
              },
              {
                "access_mode": "ReadWriteMany",
                "auto_delete": true,
                "boot_order": 2,
                "bus": "virtio",
                "container_image_name": "",
                "existing_volume_name": "",
                "hot_plug": false,
                "image": "",
                "name": "datadisk",
                "size": "200Gi",
                "storage_class_name": "harvester-longhorn",
                "type": "disk",
                "volume_mode": "Block",
                "volume_name": "ucab68-storage-442655f8a9-datadisk-2grxb"
              }
            ],
            "efi": true,
            "hostname": "ucab68-storage",
            "id": "ucabm68-comp0235-ns/ucab68-storage-442655f8a9",
            "input": [],
            "machine_type": "q35",
            "memory": "8Gi",
            "message": null,
            "name": "ucab68-storage-442655f8a9",
            "namespace": "ucabm68-comp0235-ns",
            "network_interface": [
              {
                "interface_name": "eth0",
                "ip_address": "10.134.12.90",
                "mac_address": "c6:88:1c:4f:af:fb",
                "model": "virtio",
                "name": "nic-1",
                "network_name": "ucabm68-comp0235-ns/ds4eng",
                "type": "bridge",
                "wait_for_lease": true
              }
            ],
            "node_name": "harvester-vd4sf",
            "reserved_memory": "100Mi",
            "restart_after_update": true,
            "run_strategy": "RerunOnFailure",
            "secure_boot": false,
            "ssh_keys": [],
            "start": null,
            "state": "Ready",
            "tags": {
              "condenser_ingress_cons_hostname": "ucab68-ucl-cons",
              "condenser_ingress_cons_nginx_proxy-body-size": "100000m",
              "condenser_ingress_cons_port": "9001",
              "condenser_ingress_cons_protocol": "https",
              "condenser_ingress_isAllowed": "true",
              "condenser_ingress_isEnabled": "true",
              "condenser_ingress_node_hostname": "ucab68-ucl-node",
              "condenser_ingress_node_port": "9100",
              "condenser_ingress_os_hostname": "ucab68-ucl-s3",
              "condenser_ingress_os_nginx_proxy-body-size": "100000m",
              "condenser_ingress_os_port": "9000",
              "condenser_ingress_os_protocol": "https"
            },
            "tpm": []
          },
          "sensitive_attributes": [],
          "private": "bnVsbA==",
          "dependencies": [
            "data.harvester_image.img",
            "data.harvester_ssh_key.mysshkey",
            "harvester_cloudinit_secret.cloud-config",
            "random_id.secret"
          ]
        }
      ]
    },
    {
      "mode": "managed",
      "type": "harvester_virtualmachine",
      "name": "worker",
      "provider": "provider[\"registry.terraform.io/harvester/harvester\"]",
      "instances": [
        {
          "index_key": 0,
          "schema_version": 0,
          "attributes": {
            "cloudinit": [
              {
                "network_data": "",
                "network_data_base64": "",
                "network_data_secret_name": "",
                "type": "noCloud",
                "user_data": "",
                "user_data_base64": "",
                "user_data_secret_name": "cloud-config-442655f8a9"
              }
            ],
            "cpu": 4,
            "description": "Worker VM",
            "disk": [
              {
                "access_mode": "ReadWriteMany",
                "auto_delete": true,
                "boot_order": 1,
                "bus": "virtio",
                "container_image_name": "",
                "existing_volume_name": "",
                "hot_plug": false,
                "image": "harvester-public/image-bp52g",
                "name": "rootdisk",
                "size": "25Gi",
                "storage_class_name": "longhorn-image-bp52g",
                "type": "disk",
                "volume_mode": "Block",
                "volume_name": "ucab68-worker-01-442655f8a9-rootdisk-vv4gq"
              }
            ],
            "efi": true,
            "hostname": "ucab68-worker-01",
            "id": "ucabm68-comp0235-ns/ucab68-worker-01-442655f8a9",
            "input": [],
            "machine_type": "q35",
            "memory": "32Gi",
            "message": null,
            "name": "ucab68-worker-01-442655f8a9",
            "namespace": "ucabm68-comp0235-ns",
            "network_interface": [
              {
                "interface_name": "eth0",
                "ip_address": "10.134.12.130",
                "mac_address": "c2:c3:6a:45:4d:74",
                "model": "virtio",
                "name": "nic-1",
                "network_name": "ucabm68-comp0235-ns/ds4eng",
                "type": "bridge",
                "wait_for_lease": true
              }
            ],
            "node_name": "harvester-f8x4x",
            "reserved_memory": "100Mi",
            "restart_after_update": true,
            "run_strategy": "RerunOnFailure",
            "secure_boot": false,
            "ssh_keys": [],
            "start": null,
            "state": "Ready",
            "tags": {
              "condenser_ingress_isAllowed": "true",
              "condenser_ingress_isEnabled": "true",
              "condenser_ingress_node_hostname": "ucab68-ucl-node",
              "condenser_ingress_node_port": "9100"
            },
            "tpm": []
          },
          "sensitive_attributes": [],
          "private": "bnVsbA==",
          "dependencies": [
            "data.harvester_image.img",
            "data.harvester_ssh_key.mysshkey",
            "harvester_cloudinit_secret.cloud-config",
            "random_id.secret"
          ]
        },
        {
          "index_key": 1,
          "schema_version": 0,
          "attributes": {
            "cloudinit": [
              {
                "network_data": "",
                "network_data_base64": "",
                "network_data_secret_name": "",
                "type": "noCloud",
                "user_data": "",
                "user_data_base64": "",
                "user_data_secret_name": "cloud-config-442655f8a9"
              }
            ],
            "cpu": 4,
            "description": "Worker VM",
            "disk": [
              {
                "access_mode": "ReadWriteMany",
                "auto_delete": true,
                "boot_order": 1,
                "bus": "virtio",
                "container_image_name": "",
                "existing_volume_name": "",
                "hot_plug": false,
                "image": "harvester-public/image-bp52g",
                "name": "rootdisk",
                "size": "25Gi",
                "storage_class_name": "longhorn-image-bp52g",
                "type": "disk",
                "volume_mode": "Block",
                "volume_name": "ucab68-worker-02-442655f8a9-rootdisk-2tvzt"
              }
            ],
            "efi": true,
            "hostname": "ucab68-worker-02",
            "id": "ucabm68-comp0235-ns/ucab68-worker-02-442655f8a9",
            "input": [],
            "machine_type": "q35",
            "memory": "32Gi",
            "message": null,
            "name": "ucab68-worker-02-442655f8a9",
            "namespace": "ucabm68-comp0235-ns",
            "network_interface": [
              {
                "interface_name": "",
                "ip_address": "",
                "mac_address": "3e:93:e8:ea:40:5f",
                "model": "virtio",
                "name": "nic-1",
                "network_name": "ucabm68-comp0235-ns/ds4eng",
                "type": "bridge",
                "wait_for_lease": true
              }
            ],
            "node_name": "harvester-ttrtf",
            "reserved_memory": "100Mi",
            "restart_after_update": true,
            "run_strategy": "RerunOnFailure",
            "secure_boot": false,
            "ssh_keys": [],
            "start": null,
            "state": "Running",
            "tags": {
              "condenser_ingress_isAllowed": "true",
              "condenser_ingress_isEnabled": "true",
              "condenser_ingress_node_hostname": "ucab68-ucl-node",
              "condenser_ingress_node_port": "9100"
            },
            "tpm": []
          },
          "sensitive_attributes": [],
          "private": "bnVsbA==",
          "dependencies": [
            "data.harvester_image.img",
            "data.harvester_ssh_key.mysshkey",
            "harvester_cloudinit_secret.cloud-config",
            "random_id.secret"
          ]
        },
        {
          "index_key": 2,
          "schema_version": 0,
          "attributes": {
            "cloudinit": [
              {
                "network_data": "",
                "network_data_base64": "",
                "network_data_secret_name": "",
                "type": "noCloud",
                "user_data": "",
                "user_data_base64": "",
                "user_data_secret_name": "cloud-config-442655f8a9"
              }
            ],
            "cpu": 4,
            "description": "Worker VM",
            "disk": [
              {
                "access_mode": "ReadWriteMany",
                "auto_delete": true,
                "boot_order": 1,
                "bus": "virtio",
                "container_image_name": "",
                "existing_volume_name": "",
                "hot_plug": false,
                "image": "harvester-public/image-bp52g",
                "name": "rootdisk",
                "size": "25Gi",
                "storage_class_name": "longhorn-image-bp52g",
                "type": "disk",
                "volume_mode": "Block",
                "volume_name": "ucab68-worker-03-442655f8a9-rootdisk-cd2s8"
              }
            ],
            "efi": true,
            "hostname": "ucab68-worker-03",
            "id": "ucabm68-comp0235-ns/ucab68-worker-03-442655f8a9",
            "input": [],
            "machine_type": "q35",
            "memory": "32Gi",
            "message": null,
            "name": "ucab68-worker-03-442655f8a9",
            "namespace": "ucabm68-comp0235-ns",
            "network_interface": [
              {
                "interface_name": "",
                "ip_address": "",
                "mac_address": "46:b5:6d:14:19:fc",
                "model": "virtio",
                "name": "nic-1",
                "network_name": "ucabm68-comp0235-ns/ds4eng",
                "type": "bridge",
                "wait_for_lease": true
              }
            ],
            "node_name": "harvester-c8g4l",
            "reserved_memory": "100Mi",
            "restart_after_update": true,
            "run_strategy": "RerunOnFailure",
            "secure_boot": false,
            "ssh_keys": [],
            "start": null,
            "state": "Running",
            "tags": {
              "condenser_ingress_isAllowed": "true",
              "condenser_ingress_isEnabled": "true",
              "condenser_ingress_node_hostname": "ucab68-ucl-node",
              "condenser_ingress_node_port": "9100"
            },
            "tpm": []
          },
          "sensitive_attributes": [],
          "private": "bnVsbA==",
          "dependencies": [
            "data.harvester_image.img",
            "data.harvester_ssh_key.mysshkey",
            "harvester_cloudinit_secret.cloud-config",
            "random_id.secret"
          ]
        }
      ]
    },
    {
      "mode": "managed",
      "type": "random_id",
      "name": "secret",
      "provider": "provider[\"registry.terraform.io/hashicorp/random\"]",
      "instances": [
        {
          "schema_version": 0,
          "attributes": {
            "b64_std": "RCZV+Kk=",
            "b64_url": "RCZV-Kk",
            "byte_length": 5,
            "dec": "292700944553",
            "hex": "442655f8a9",
            "id": "RCZV-Kk",
            "keepers": null,
            "prefix": null
          },
          "sensitive_attributes": []
        }
      ]
    }
  ],
  "check_results": null
}
